
Microsoft Visual Studio Solution File, Format Version 12.00
# Visual Studio Version 17
VisualStudioVersion = 17.8.34309.116
MinimumVisualStudioVersion = 10.0.40219.1
Project("{8BC9CEB8-8B4A-11D0-8D11-00A0C91BC942}") = "MatrixMulti", "MatrixMulti\MatrixMulti.vcxproj", "{54D8CD94-ED79-4296-A44E-8304E7A30BC4}"
EndProject
Global
	GlobalSection(SolutionConfigurationPlatforms) = preSolution
		Debug|x64 = Debug|x64
		Release|x64 = Release|x64
	EndGlobalSection
	GlobalSection(ProjectConfigurationPlatforms) = postSolution
		{54D8CD94-ED79-4296-A44E-8304E7A30BC4}.Debug|x64.ActiveCfg = Debug|x64
		{54D8CD94-ED79-4296-A44E-8304E7A30BC4}.Debug|x64.Build.0 = Debug|x64
		{54D8CD94-ED79-4296-A44E-8304E7A30BC4}.Release|x64.ActiveCfg = Release|x64
		{54D8CD94-ED79-4296-A44E-8304E7A30BC4}.Release|x64.Build.0 = Release|x64
	EndGlobalSection
	GlobalSection(SolutionProperties) = preSolution
		HideSolutionNode = FALSE
	EndGlobalSection
	GlobalSection(ExtensibilityGlobals) = postSolution
		SolutionGuid = {9BD06808-A71A-4F25-9B32-C2724E050B75}
	EndGlobalSection
EndGlobal
